dependencies:
- name: keycloak
  repository: file://../authentication/keycloak/helm/keycloak
  version: 3.1.1
- name: postgresql
  repository: https://charts.bitnami.com/bitnami
  version: 10.8.0
digest: sha256:b4e2dc762feb5fd4f1409cef2ee7f19c417f6484227c07744e80d1206abfd10d
generated: "2021-07-31T13:31:24.72778886+07:00"
