dependencies:
- name: keycloak
  repository: file://../authentication/keycloak/helm/keycloak
  version: 3.1.1
- name: postgresql
  repository: https://charts.bitnami.com/bitnami
  version: 10.5.1
digest: sha256:fb3103fe182d24310c9ca0089a31364777548da5dfafaf5d05601d8db23dc018
generated: "2021-08-02T08:57:22.739868176+07:00"
