dependencies:
- name: keycloak
  repository: https://charts.bitnami.com/bitnami
  version: 3.1.1
- name: postgresql
  repository: https://charts.bitnami.com/bitnami
  version: 10.5.1
digest: sha256:9a7f1e9bb2a592426d24fcce52fe9a6b5ecea671d48326704244e3fab612108c
generated: "2021-06-30T21:01:28.902982919+07:00"
